
Microsoft Visual Studio Solution File, Format Version 12.00
# Visual Studio Version 17
VisualStudioVersion = 17.13.35818.85
MinimumVisualStudioVersion = 10.0.40219.1
Project("{FAE04EC0-301F-11D3-BF4B-00C04F79EFBC}") = "ContosoUniversity", "ContosoUniversity.csproj", "{5818681C-704B-4559-BD04-46A83A5E81E6}"
EndProject
Global
	GlobalSection(SolutionConfigurationPlatforms) = preSolution
		Debug|Any CPU = Debug|Any CPU
		Release|Any CPU = Release|Any CPU
	EndGlobalSection
	GlobalSection(ProjectConfigurationPlatforms) = postSolution
		{5818681C-704B-4559-BD04-46A83A5E81E6}.Debug|Any CPU.ActiveCfg = Debug|Any CPU
		{5818681C-704B-4559-BD04-46A83A5E81E6}.Debug|Any CPU.Build.0 = Debug|Any CPU
		{5818681C-704B-4559-BD04-46A83A5E81E6}.Release|Any CPU.ActiveCfg = Release|Any CPU
		{5818681C-704B-4559-BD04-46A83A5E81E6}.Release|Any CPU.Build.0 = Release|Any CPU
	EndGlobalSection
	GlobalSection(SolutionProperties) = preSolution
		HideSolutionNode = FALSE
	EndGlobalSection
	GlobalSection(ExtensibilityGlobals) = postSolution
		SolutionGuid = {967863DB-A992-4378-BE5C-09D9572A5DF4}
	EndGlobalSection
EndGlobal
